// !$*UTF8*$!
{
	archiveVersion = 1;
	classes = {
	};
	objectVersion = 56;
	objects = {

/* Begin PBXBuildFile section */
		15FCC806298326C500AB9CE2 /* SubtitleMergeApp.swift in Sources */ = {isa = PBXBuildFile; fileRef = 15FCC805298326C500AB9CE2 /* SubtitleMergeApp.swift */; };
		15FCC808298326C500AB9CE2 /* ContentView.swift in Sources */ = {isa = PBXBuildFile; fileRef = 15FCC807298326C500AB9CE2 /* ContentView.swift */; };
		15FCC80A298326C600AB9CE2 /* Assets.xcassets in Resources */ = {isa = PBXBuildFile; fileRef = 15FCC809298326C600AB9CE2 /* Assets.xcassets */; };
		15FCC80D298326C600AB9CE2 /* Preview Assets.xcassets in Resources */ = {isa = PBXBuildFile; fileRef = 15FCC80C298326C600AB9CE2 /* Preview Assets.xcassets */; };
		15FCC81529833DC500AB9CE2 /* FFmpegBuilder.swift in Sources */ = {isa = PBXBuildFile; fileRef = 15FCC81429833DC500AB9CE2 /* FFmpegBuilder.swift */; };
		15FCC81729833FD800AB9CE2 /* ErrorAlertDialog.swift in Sources */ = {isa = PBXBuildFile; fileRef = 15FCC81629833FD800AB9CE2 /* ErrorAlertDialog.swift */; };
		15FCC8192983484F00AB9CE2 /* FileButton.swift in Sources */ = {isa = PBXBuildFile; fileRef = 15FCC8182983484F00AB9CE2 /* FileButton.swift */; };
/* End PBXBuildFile section */

/* Begin PBXFileReference section */
		15FCC802298326C500AB9CE2 /* SubtitleMerge.app */ = {isa = PBXFileReference; explicitFileType = wrapper.application; includeInIndex = 0; path = SubtitleMerge.app; sourceTree = BUILT_PRODUCTS_DIR; };
		15FCC805298326C500AB9CE2 /* SubtitleMergeApp.swift */ = {isa = PBXFileReference; lastKnownFileType = sourcecode.swift; path = SubtitleMergeApp.swift; sourceTree = "<group>"; };
		15FCC807298326C500AB9CE2 /* ContentView.swift */ = {isa = PBXFileReference; lastKnownFileType = sourcecode.swift; path = ContentView.swift; sourceTree = "<group>"; };
		15FCC809298326C600AB9CE2 /* Assets.xcassets */ = {isa = PBXFileReference; lastKnownFileType = folder.assetcatalog; path = Assets.xcassets; sourceTree = "<group>"; };
		15FCC80C298326C600AB9CE2 /* Preview Assets.xcassets */ = {isa = PBXFileReference; lastKnownFileType = folder.assetcatalog; path = "Preview Assets.xcassets"; sourceTree = "<group>"; };
		15FCC80E298326C600AB9CE2 /* SubtitleMerge.entitlements */ = {isa = PBXFileReference; lastKnownFileType = text.plist.entitlements; path = SubtitleMerge.entitlements; sourceTree = "<group>"; };
		15FCC81429833DC500AB9CE2 /* FFmpegBuilder.swift */ = {isa = PBXFileReference; lastKnownFileType = sourcecode.swift; path = FFmpegBuilder.swift; sourceTree = "<group>"; };
		15FCC81629833FD800AB9CE2 /* ErrorAlertDialog.swift */ = {isa = PBXFileReference; lastKnownFileType = sourcecode.swift; path = ErrorAlertDialog.swift; sourceTree = "<group>"; };
		15FCC8182983484F00AB9CE2 /* FileButton.swift */ = {isa = PBXFileReference; lastKnownFileType = sourcecode.swift; path = FileButton.swift; sourceTree = "<group>"; };
/* End PBXFileReference section */

/* Begin PBXFrameworksBuildPhase section */
		15FCC7FF298326C500AB9CE2 /* Frameworks */ = {
			isa = PBXFrameworksBuildPhase;
			buildActionMask = 2147483647;
			files = (
			);
			runOnlyForDeploymentPostprocessing = 0;
		};
/* End PBXFrameworksBuildPhase section */

/* Begin PBXGroup section */
		15FCC7F9298326C500AB9CE2 = {
			isa = PBXGroup;
			children = (
				15FCC804298326C500AB9CE2 /* SubtitleMerge */,
				15FCC803298326C500AB9CE2 /* Products */,
			);
			sourceTree = "<group>";
		};
		15FCC803298326C500AB9CE2 /* Products */ = {
			isa = PBXGroup;
			children = (
				15FCC802298326C500AB9CE2 /* SubtitleMerge.app */,
			);
			name = Products;
			sourceTree = "<group>";
		};
		15FCC804298326C500AB9CE2 /* SubtitleMerge */ = {
			isa = PBXGroup;
			children = (
				15FCC805298326C500AB9CE2 /* SubtitleMergeApp.swift */,
				15FCC81429833DC500AB9CE2 /* FFmpegBuilder.swift */,
				15FCC8182983484F00AB9CE2 /* FileButton.swift */,
				15FCC81629833FD800AB9CE2 /* ErrorAlertDialog.swift */,
				15FCC807298326C500AB9CE2 /* ContentView.swift */,
				15FCC809298326C600AB9CE2 /* Assets.xcassets */,
				15FCC80E298326C600AB9CE2 /* SubtitleMerge.entitlements */,
				15FCC80B298326C600AB9CE2 /* Preview Content */,
			);
			path = SubtitleMerge;
			sourceTree = "<group>";
		};
		15FCC80B298326C600AB9CE2 /* Preview Content */ = {
			isa = PBXGroup;
			children = (
				15FCC80C298326C600AB9CE2 /* Preview Assets.xcassets */,
			);
			path = "Preview Content";
			sourceTree = "<group>";
		};
/* End PBXGroup section */

/* Begin PBXNativeTarget section */
		15FCC801298326C500AB9CE2 /* SubtitleMerge */ = {
			isa = PBXNativeTarget;
			buildConfigurationList = 15FCC811298326C600AB9CE2 /* Build configuration list for PBXNativeTarget "SubtitleMerge" */;
			buildPhases = (
				15FCC7FE298326C500AB9CE2 /* Sources */,
				15FCC7FF298326C500AB9CE2 /* Frameworks */,
				15FCC800298326C500AB9CE2 /* Resources */,
			);
			buildRules = (
			);
			dependencies = (
			);
			name = SubtitleMerge;
			productName = SubtitleMerge;
			productReference = 15FCC802298326C500AB9CE2 /* SubtitleMerge.app */;
			productType = "com.apple.product-type.application";
		};
/* End PBXNativeTarget section */

/* Begin PBXProject section */
		15FCC7FA298326C500AB9CE2 /* Project object */ = {
			isa = PBXProject;
			attributes = {
				BuildIndependentTargetsInParallel = 1;
				LastSwiftUpdateCheck = 1400;
				LastUpgradeCheck = 1400;
				TargetAttributes = {
					15FCC801298326C500AB9CE2 = {
						CreatedOnToolsVersion = 14.0.1;
					};
				};
			};
			buildConfigurationList = 15FCC7FD298326C500AB9CE2 /* Build configuration list for PBXProject "SubtitleMerge" */;
			compatibilityVersion = "Xcode 14.0";
			developmentRegion = en;
			hasScannedForEncodings = 0;
			knownRegions = (
				en,
				Base,
			);
			mainGroup = 15FCC7F9298326C500AB9CE2;
			productRefGroup = 15FCC803298326C500AB9CE2 /* Products */;
			projectDirPath = "";
			projectRoot = "";
			targets = (
				15FCC801298326C500AB9CE2 /* SubtitleMerge */,
			);
		};
/* End PBXProject section */

/* Begin PBXResourcesBuildPhase section */
		15FCC800298326C500AB9CE2 /* Resources */ = {
			isa = PBXResourcesBuildPhase;
			buildActionMask = 2147483647;
			files = (
				15FCC80D298326C600AB9CE2 /* Preview Assets.xcassets in Resources */,
				15FCC80A298326C600AB9CE2 /* Assets.xcassets in Resources */,
			);
			runOnlyForDeploymentPostprocessing = 0;
		};
/* End PBXResourcesBuildPhase section */

/* Begin PBXSourcesBuildPhase section */
		15FCC7FE298326C500AB9CE2 /* Sources */ = {
			isa = PBXSourcesBuildPhase;
			buildActionMask = 2147483647;
			files = (
				15FCC81529833DC500AB9CE2 /* FFmpegBuilder.swift in Sources */,
				15FCC808298326C500AB9CE2 /* ContentView.swift in Sources */,
				15FCC806298326C500AB9CE2 /* SubtitleMergeApp.swift in Sources */,
				15FCC8192983484F00AB9CE2 /* FileButton.swift in Sources */,
				15FCC81729833FD800AB9CE2 /* ErrorAlertDialog.swift in Sources */,
			);
			runOnlyForDeploymentPostprocessing = 0;
		};
/* End PBXSourcesBuildPhase section */

/* Begin XCBuildConfiguration section */
		15FCC80F298326C600AB9CE2 /* Debug */ = {
			isa = XCBuildConfiguration;
			buildSettings = {
				ALWAYS_SEARCH_USER_PATHS = NO;
				CLANG_ANALYZER_NONNULL = YES;
				CLANG_ANALYZER_NUMBER_OBJECT_CONVERSION = YES_AGGRESSIVE;
				CLANG_CXX_LANGUAGE_STANDARD = "gnu++20";
				CLANG_ENABLE_MODULES = YES;
				CLANG_ENABLE_OBJC_ARC = YES;
				CLANG_ENABLE_OBJC_WEAK = YES;
				CLANG_WARN_BLOCK_CAPTURE_AUTORELEASING = YES;
				CLANG_WARN_BOOL_CONVERSION = YES;
				CLANG_WARN_COMMA = YES;
				CLANG_WARN_CONSTANT_CONVERSION = YES;
				CLANG_WARN_DEPRECATED_OBJC_IMPLEMENTATIONS = YES;
				CLANG_WARN_DIRECT_OBJC_ISA_USAGE = YES_ERROR;
				CLANG_WARN_DOCUMENTATION_COMMENTS = YES;
				CLANG_WARN_EMPTY_BODY = YES;
				CLANG_WARN_ENUM_CONVERSION = YES;
				CLANG_WARN_INFINITE_RECURSION = YES;
				CLANG_WARN_INT_CONVERSION = YES;
				CLANG_WARN_NON_LITERAL_NULL_CONVERSION = YES;
				CLANG_WARN_OBJC_IMPLICIT_RETAIN_SELF = YES;
				CLANG_WARN_OBJC_LITERAL_CONVERSION = YES;
				CLANG_WARN_OBJC_ROOT_CLASS = YES_ERROR;
				CLANG_WARN_QUOTED_INCLUDE_IN_FRAMEWORK_HEADER = YES;
				CLANG_WARN_RANGE_LOOP_ANALYSIS = YES;
				CLANG_WARN_STRICT_PROTOTYPES = YES;
				CLANG_WARN_SUSPICIOUS_MOVE = YES;
				CLANG_WARN_UNGUARDED_AVAILABILITY = YES_AGGRESSIVE;
				CLANG_WARN_UNREACHABLE_CODE = YES;
				CLANG_WARN__DUPLICATE_METHOD_MATCH = YES;
				COPY_PHASE_STRIP = NO;
				DEBUG_INFORMATION_FORMAT = dwarf;
				ENABLE_STRICT_OBJC_MSGSEND = YES;
				ENABLE_TESTABILITY = YES;
				GCC_C_LANGUAGE_STANDARD = gnu11;
				GCC_DYNAMIC_NO_PIC = NO;
				GCC_NO_COMMON_BLOCKS = YES;
				GCC_OPTIMIZATION_LEVEL = 0;
				GCC_PREPROCESSOR_DEFINITIONS = (
					"DEBUG=1",
					"$(inherited)",
				);
				GCC_WARN_64_TO_32_BIT_CONVERSION = YES;
				GCC_WARN_ABOUT_RETURN_TYPE = YES_ERROR;
				GCC_WARN_UNDECLARED_SELECTOR = YES;
				GCC_WARN_UNINITIALIZED_AUTOS = YES_AGGRESSIVE;
				GCC_WARN_UNUSED_FUNCTION = YES;
				GCC_WARN_UNUSED_VARIABLE = YES;
				MACOSX_DEPLOYMENT_TARGET = 12.3;
				MTL_ENABLE_DEBUG_INFO = INCLUDE_SOURCE;
				MTL_FAST_MATH = YES;
				ONLY_ACTIVE_ARCH = YES;
				SDKROOT = macosx;
				SWIFT_ACTIVE_COMPILATION_CONDITIONS = DEBUG;
				SWIFT_OPTIMIZATION_LEVEL = "-Onone";
			};
			name = Debug;
		};
		15FCC810298326C600AB9CE2 /* Release */ = {
			isa = XCBuildConfiguration;
			buildSettings = {
				ALWAYS_SEARCH_USER_PATHS = NO;
				CLANG_ANALYZER_NONNULL = YES;
				CLANG_ANALYZER_NUMBER_OBJECT_CONVERSION = YES_AGGRESSIVE;
				CLANG_CXX_LANGUAGE_STANDARD = "gnu++20";
				CLANG_ENABLE_MODULES = YES;
				CLANG_ENABLE_OBJC_ARC = YES;
				CLANG_ENABLE_OBJC_WEAK = YES;
				CLANG_WARN_BLOCK_CAPTURE_AUTORELEASING = YES;
				CLANG_WARN_BOOL_CONVERSION = YES;
				CLANG_WARN_COMMA = YES;
				CLANG_WARN_CONSTANT_CONVERSION = YES;
				CLANG_WARN_DEPRECATED_OBJC_IMPLEMENTATIONS = YES;
				CLANG_WARN_DIRECT_OBJC_ISA_USAGE = YES_ERROR;
				CLANG_WARN_DOCUMENTATION_COMMENTS = YES;
				CLANG_WARN_EMPTY_BODY = YES;
				CLANG_WARN_ENUM_CONVERSION = YES;
				CLANG_WARN_INFINITE_RECURSION = YES;
				CLANG_WARN_INT_CONVERSION = YES;
				CLANG_WARN_NON_LITERAL_NULL_CONVERSION = YES;
				CLANG_WARN_OBJC_IMPLICIT_RETAIN_SELF = YES;
				CLANG_WARN_OBJC_LITERAL_CONVERSION = YES;
				CLANG_WARN_OBJC_ROOT_CLASS = YES_ERROR;
				CLANG_WARN_QUOTED_INCLUDE_IN_FRAMEWORK_HEADER = YES;
				CLANG_WARN_RANGE_LOOP_ANALYSIS = YES;
				CLANG_WARN_STRICT_PROTOTYPES = YES;
				CLANG_WARN_SUSPICIOUS_MOVE = YES;
				CLANG_WARN_UNGUARDED_AVAILABILITY = YES_AGGRESSIVE;
				CLANG_WARN_UNREACHABLE_CODE = YES;
				CLANG_WARN__DUPLICATE_METHOD_MATCH = YES;
				COPY_PHASE_STRIP = NO;
				DEBUG_INFORMATION_FORMAT = "dwarf-with-dsym";
				ENABLE_NS_ASSERTIONS = NO;
				ENABLE_STRICT_OBJC_MSGSEND = YES;
				GCC_C_LANGUAGE_STANDARD = gnu11;
				GCC_NO_COMMON_BLOCKS = YES;
				GCC_WARN_64_TO_32_BIT_CONVERSION = YES;
				GCC_WARN_ABOUT_RETURN_TYPE = YES_ERROR;
				GCC_WARN_UNDECLARED_SELECTOR = YES;
				GCC_WARN_UNINITIALIZED_AUTOS = YES_AGGRESSIVE;
				GCC_WARN_UNUSED_FUNCTION = YES;
				GCC_WARN_UNUSED_VARIABLE = YES;
				MACOSX_DEPLOYMENT_TARGET = 12.3;
				MTL_ENABLE_DEBUG_INFO = NO;
				MTL_FAST_MATH = YES;
				SDKROOT = macosx;
				SWIFT_COMPILATION_MODE = wholemodule;
				SWIFT_OPTIMIZATION_LEVEL = "-O";
			};
			name = Release;
		};
		15FCC812298326C600AB9CE2 /* Debug */ = {
			isa = XCBuildConfiguration;
			buildSettings = {
				ASSETCATALOG_COMPILER_APPICON_NAME = AppIcon;
				ASSETCATALOG_COMPILER_GLOBAL_ACCENT_COLOR_NAME = AccentColor;
				CODE_SIGN_ENTITLEMENTS = SubtitleMerge/SubtitleMerge.entitlements;
				CODE_SIGN_STYLE = Automatic;
				COMBINE_HIDPI_IMAGES = YES;
				CURRENT_PROJECT_VERSION = 2;
				DEVELOPMENT_ASSET_PATHS = "\"SubtitleMerge/Preview Content\"";
				DEVELOPMENT_TEAM = CX87MDXJNH;
				ENABLE_HARDENED_RUNTIME = YES;
				ENABLE_PREVIEWS = YES;
				GENERATE_INFOPLIST_FILE = YES;
				INFOPLIST_KEY_NSHumanReadableCopyright = "";
				LD_RUNPATH_SEARCH_PATHS = (
					"$(inherited)",
					"@executable_path/../Frameworks",
				);
				MARKETING_VERSION = 0.1;
				PRODUCT_BUNDLE_IDENTIFIER = com.joseph.pecoraro.SubtitleMerge;
				PRODUCT_NAME = "$(TARGET_NAME)";
				SWIFT_EMIT_LOC_STRINGS = YES;
				SWIFT_VERSION = 5.0;
			};
			name = Debug;
		};
		15FCC813298326C600AB9CE2 /* Release */ = {
			isa = XCBuildConfiguration;
			buildSettings = {
				ASSETCATALOG_COMPILER_APPICON_NAME = AppIcon;
				ASSETCATALOG_COMPILER_GLOBAL_ACCENT_COLOR_NAME = AccentColor;
				CODE_SIGN_ENTITLEMENTS = SubtitleMerge/SubtitleMerge.entitlements;
				CODE_SIGN_STYLE = Automatic;
				COMBINE_HIDPI_IMAGES = YES;
				CURRENT_PROJECT_VERSION = 2;
				DEVELOPMENT_ASSET_PATHS = "\"SubtitleMerge/Preview Content\"";
				DEVELOPMENT_TEAM = CX87MDXJNH;
				ENABLE_HARDENED_RUNTIME = YES;
				ENABLE_PREVIEWS = YES;
				GENERATE_INFOPLIST_FILE = YES;
				INFOPLIST_KEY_NSHumanReadableCopyright = "";
				LD_RUNPATH_SEARCH_PATHS = (
					"$(inherited)",
					"@executable_path/../Frameworks",
				);
				MARKETING_VERSION = 0.1;
				PRODUCT_BUNDLE_IDENTIFIER = com.joseph.pecoraro.SubtitleMerge;
				PRODUCT_NAME = "$(TARGET_NAME)";
				SWIFT_EMIT_LOC_STRINGS = YES;
				SWIFT_VERSION = 5.0;
			};
			name = Release;
		};
/* End XCBuildConfiguration section */

/* Begin XCConfigurationList section */
		15FCC7FD298326C500AB9CE2 /* Build configuration list for PBXProject "SubtitleMerge" */ = {
			isa = XCConfigurationList;
			buildConfigurations = (
				15FCC80F298326C600AB9CE2 /* Debug */,
				15FCC810298326C600AB9CE2 /* Release */,
			);
			defaultConfigurationIsVisible = 0;
			defaultConfigurationName = Release;
		};
		15FCC811298326C600AB9CE2 /* Build configuration list for PBXNativeTarget "SubtitleMerge" */ = {
			isa = XCConfigurationList;
			buildConfigurations = (
				15FCC812298326C600AB9CE2 /* Debug */,
				15FCC813298326C600AB9CE2 /* Release */,
			);
			defaultConfigurationIsVisible = 0;
			defaultConfigurationName = Release;
		};
/* End XCConfigurationList section */
	};
	rootObject = 15FCC7FA298326C500AB9CE2 /* Project object */;
}
